
Microsoft Visual Studio Solution File, Format Version 12.00
# Visual Studio Version 17
VisualStudioVersion = 17.0.31903.59
MinimumVisualStudioVersion = 10.0.40219.1
Project("{FAE04EC0-301F-11D3-BF4B-00C04F79EFBC}") = "API", "API\API.csproj", "{EA7507EF-D4CC-47AF-8113-4E0CDD5BAA2B}"
EndProject
Project("{FAE04EC0-301F-11D3-BF4B-00C04F79EFBC}") = "Infrastructure", "Infrastructure\Infrastructure.csproj", "{A62EE343-3E0F-467F-888B-60CCFF2C9E6E}"
EndProject
Project("{FAE04EC0-301F-11D3-BF4B-00C04F79EFBC}") = "Core", "Core\Core.csproj", "{27E0126B-260D-4F10-B374-32210DA4E05F}"
EndProject
Global
	GlobalSection(SolutionConfigurationPlatforms) = preSolution
		Debug|Any CPU = Debug|Any CPU
		Release|Any CPU = Release|Any CPU
	EndGlobalSection
	GlobalSection(SolutionProperties) = preSolution
		HideSolutionNode = FALSE
	EndGlobalSection
	GlobalSection(ProjectConfigurationPlatforms) = postSolution
		{EA7507EF-D4CC-47AF-8113-4E0CDD5BAA2B}.Debug|Any CPU.ActiveCfg = Debug|Any CPU
		{EA7507EF-D4CC-47AF-8113-4E0CDD5BAA2B}.Debug|Any CPU.Build.0 = Debug|Any CPU
		{EA7507EF-D4CC-47AF-8113-4E0CDD5BAA2B}.Release|Any CPU.ActiveCfg = Release|Any CPU
		{EA7507EF-D4CC-47AF-8113-4E0CDD5BAA2B}.Release|Any CPU.Build.0 = Release|Any CPU
		{A62EE343-3E0F-467F-888B-60CCFF2C9E6E}.Debug|Any CPU.ActiveCfg = Debug|Any CPU
		{A62EE343-3E0F-467F-888B-60CCFF2C9E6E}.Debug|Any CPU.Build.0 = Debug|Any CPU
		{A62EE343-3E0F-467F-888B-60CCFF2C9E6E}.Release|Any CPU.ActiveCfg = Release|Any CPU
		{A62EE343-3E0F-467F-888B-60CCFF2C9E6E}.Release|Any CPU.Build.0 = Release|Any CPU
		{27E0126B-260D-4F10-B374-32210DA4E05F}.Debug|Any CPU.ActiveCfg = Debug|Any CPU
		{27E0126B-260D-4F10-B374-32210DA4E05F}.Debug|Any CPU.Build.0 = Debug|Any CPU
		{27E0126B-260D-4F10-B374-32210DA4E05F}.Release|Any CPU.ActiveCfg = Release|Any CPU
		{27E0126B-260D-4F10-B374-32210DA4E05F}.Release|Any CPU.Build.0 = Release|Any CPU
	EndGlobalSection
EndGlobal
